
Microsoft Visual Studio Solution File, Format Version 12.00
# Visual Studio Version 17
VisualStudioVersion = 17.5.002.0
MinimumVisualStudioVersion = 10.0.40219.1
Project("{9A19103F-16F7-4668-BE54-9A1E7A4F7556}") = "finance-tracker-android", "finance-tracker-android.csproj", "{59A3A147-53D2-469F-924A-EBF137C7C4F0}"
EndProject
Global
	GlobalSection(SolutionConfigurationPlatforms) = preSolution
		Debug|Any CPU = Debug|Any CPU
		Release|Any CPU = Release|Any CPU
	EndGlobalSection
	GlobalSection(ProjectConfigurationPlatforms) = postSolution
		{59A3A147-53D2-469F-924A-EBF137C7C4F0}.Debug|Any CPU.ActiveCfg = Debug|Any CPU
		{59A3A147-53D2-469F-924A-EBF137C7C4F0}.Debug|Any CPU.Build.0 = Debug|Any CPU
		{59A3A147-53D2-469F-924A-EBF137C7C4F0}.Release|Any CPU.ActiveCfg = Release|Any CPU
		{59A3A147-53D2-469F-924A-EBF137C7C4F0}.Release|Any CPU.Build.0 = Release|Any CPU
	EndGlobalSection
	GlobalSection(SolutionProperties) = preSolution
		HideSolutionNode = FALSE
	EndGlobalSection
	GlobalSection(ExtensibilityGlobals) = postSolution
		SolutionGuid = {FBCDC4EF-7B28-4AB0-BF10-51D8C8AAAF7D}
	EndGlobalSection
EndGlobal
